// !$*UTF8*$!
{
	archiveVersion = 1;
	classes = {
	};
	objectVersion = 56;
	objects = {

/* Begin PBXBuildFile section */
		4D42D35B29426B96009D4A7A /* LittleLemonsRervationApp.swift in Sources */ = {isa = PBXBuildFile; fileRef = 4D42D35A29426B96009D4A7A /* LittleLemonsRervationApp.swift */; };
		4D42D35D29426B96009D4A7A /* ContentView.swift in Sources */ = {isa = PBXBuildFile; fileRef = 4D42D35C29426B96009D4A7A /* ContentView.swift */; };
		4D42D35F29426B98009D4A7A /* Assets.xcassets in Resources */ = {isa = PBXBuildFile; fileRef = 4D42D35E29426B98009D4A7A /* Assets.xcassets */; };
		4D42D36229426B98009D4A7A /* Preview Assets.xcassets in Resources */ = {isa = PBXBuildFile; fileRef = 4D42D36129426B98009D4A7A /* Preview Assets.xcassets */; };
		4D42D36A2942801B009D4A7A /* RestaurantLocation.swift in Sources */ = {isa = PBXBuildFile; fileRef = 4D42D3692942801B009D4A7A /* RestaurantLocation.swift */; };
		4D42D36D294280EA009D4A7A /* Reservation.swift in Sources */ = {isa = PBXBuildFile; fileRef = 4D42D36C294280EA009D4A7A /* Reservation.swift */; };
		4D42D36F2942826C009D4A7A /* Model.swift in Sources */ = {isa = PBXBuildFile; fileRef = 4D42D36E2942826C009D4A7A /* Model.swift */; };
		4D42D37129428500009D4A7A /* RestaurantView.swift in Sources */ = {isa = PBXBuildFile; fileRef = 4D42D37029428500009D4A7A /* RestaurantView.swift */; };
		4D42D373294287B1009D4A7A /* ReservationForm.swift in Sources */ = {isa = PBXBuildFile; fileRef = 4D42D372294287B0009D4A7A /* ReservationForm.swift */; };
/* End PBXBuildFile section */

/* Begin PBXFileReference section */
		4D42D35729426B96009D4A7A /* LittleLemonsRervation.app */ = {isa = PBXFileReference; explicitFileType = wrapper.application; includeInIndex = 0; path = LittleLemonsRervation.app; sourceTree = BUILT_PRODUCTS_DIR; };
		4D42D35A29426B96009D4A7A /* LittleLemonsRervationApp.swift */ = {isa = PBXFileReference; lastKnownFileType = sourcecode.swift; path = LittleLemonsRervationApp.swift; sourceTree = "<group>"; };
		4D42D35C29426B96009D4A7A /* ContentView.swift */ = {isa = PBXFileReference; lastKnownFileType = sourcecode.swift; path = ContentView.swift; sourceTree = "<group>"; };
		4D42D35E29426B98009D4A7A /* Assets.xcassets */ = {isa = PBXFileReference; lastKnownFileType = folder.assetcatalog; path = Assets.xcassets; sourceTree = "<group>"; };
		4D42D36129426B98009D4A7A /* Preview Assets.xcassets */ = {isa = PBXFileReference; lastKnownFileType = folder.assetcatalog; path = "Preview Assets.xcassets"; sourceTree = "<group>"; };
		4D42D3692942801B009D4A7A /* RestaurantLocation.swift */ = {isa = PBXFileReference; lastKnownFileType = sourcecode.swift; path = RestaurantLocation.swift; sourceTree = "<group>"; };
		4D42D36C294280EA009D4A7A /* Reservation.swift */ = {isa = PBXFileReference; lastKnownFileType = sourcecode.swift; path = Reservation.swift; sourceTree = "<group>"; };
		4D42D36E2942826C009D4A7A /* Model.swift */ = {isa = PBXFileReference; lastKnownFileType = sourcecode.swift; path = Model.swift; sourceTree = "<group>"; };
		4D42D37029428500009D4A7A /* RestaurantView.swift */ = {isa = PBXFileReference; lastKnownFileType = sourcecode.swift; path = RestaurantView.swift; sourceTree = "<group>"; };
		4D42D372294287B0009D4A7A /* ReservationForm.swift */ = {isa = PBXFileReference; lastKnownFileType = sourcecode.swift; path = ReservationForm.swift; sourceTree = "<group>"; };
/* End PBXFileReference section */

/* Begin PBXFrameworksBuildPhase section */
		4D42D35429426B96009D4A7A /* Frameworks */ = {
			isa = PBXFrameworksBuildPhase;
			buildActionMask = 2147483647;
			files = (
			);
			runOnlyForDeploymentPostprocessing = 0;
		};
/* End PBXFrameworksBuildPhase section */

/* Begin PBXGroup section */
		4D42D34E29426B96009D4A7A = {
			isa = PBXGroup;
			children = (
				4D42D35929426B96009D4A7A /* LittleLemonsRervation */,
				4D42D35829426B96009D4A7A /* Products */,
			);
			sourceTree = "<group>";
		};
		4D42D35829426B96009D4A7A /* Products */ = {
			isa = PBXGroup;
			children = (
				4D42D35729426B96009D4A7A /* LittleLemonsRervation.app */,
			);
			name = Products;
			sourceTree = "<group>";
		};
		4D42D35929426B96009D4A7A /* LittleLemonsRervation */ = {
			isa = PBXGroup;
			children = (
				4D42D35A29426B96009D4A7A /* LittleLemonsRervationApp.swift */,
				4D42D35C29426B96009D4A7A /* ContentView.swift */,
				4D42D36E2942826C009D4A7A /* Model.swift */,
				4D42D36829427FFF009D4A7A /* RESTAURANT */,
				4D42D36B294280C5009D4A7A /* RESERVATION */,
				4D42D35E29426B98009D4A7A /* Assets.xcassets */,
				4D42D36029426B98009D4A7A /* Preview Content */,
			);
			path = LittleLemonsRervation;
			sourceTree = "<group>";
		};
		4D42D36029426B98009D4A7A /* Preview Content */ = {
			isa = PBXGroup;
			children = (
				4D42D36129426B98009D4A7A /* Preview Assets.xcassets */,
			);
			path = "Preview Content";
			sourceTree = "<group>";
		};
		4D42D36829427FFF009D4A7A /* RESTAURANT */ = {
			isa = PBXGroup;
			children = (
				4D42D3692942801B009D4A7A /* RestaurantLocation.swift */,
				4D42D37029428500009D4A7A /* RestaurantView.swift */,
			);
			path = RESTAURANT;
			sourceTree = "<group>";
		};
		4D42D36B294280C5009D4A7A /* RESERVATION */ = {
			isa = PBXGroup;
			children = (
				4D42D36C294280EA009D4A7A /* Reservation.swift */,
				4D42D372294287B0009D4A7A /* ReservationForm.swift */,
			);
			path = RESERVATION;
			sourceTree = "<group>";
		};
/* End PBXGroup section */

/* Begin PBXNativeTarget section */
		4D42D35629426B96009D4A7A /* LittleLemonsRervation */ = {
			isa = PBXNativeTarget;
			buildConfigurationList = 4D42D36529426B98009D4A7A /* Build configuration list for PBXNativeTarget "LittleLemonsRervation" */;
			buildPhases = (
				4D42D35329426B96009D4A7A /* Sources */,
				4D42D35429426B96009D4A7A /* Frameworks */,
				4D42D35529426B96009D4A7A /* Resources */,
			);
			buildRules = (
			);
			dependencies = (
			);
			name = LittleLemonsRervation;
			productName = LittleLemonsRervation;
			productReference = 4D42D35729426B96009D4A7A /* LittleLemonsRervation.app */;
			productType = "com.apple.product-type.application";
		};
/* End PBXNativeTarget section */

/* Begin PBXProject section */
		4D42D34F29426B96009D4A7A /* Project object */ = {
			isa = PBXProject;
			attributes = {
				BuildIndependentTargetsInParallel = 1;
				LastSwiftUpdateCheck = 1410;
				LastUpgradeCheck = 1410;
				TargetAttributes = {
					4D42D35629426B96009D4A7A = {
						CreatedOnToolsVersion = 14.1;
					};
				};
			};
			buildConfigurationList = 4D42D35229426B96009D4A7A /* Build configuration list for PBXProject "LittleLemonsRervation" */;
			compatibilityVersion = "Xcode 14.0";
			developmentRegion = en;
			hasScannedForEncodings = 0;
			knownRegions = (
				en,
				Base,
			);
			mainGroup = 4D42D34E29426B96009D4A7A;
			productRefGroup = 4D42D35829426B96009D4A7A /* Products */;
			projectDirPath = "";
			projectRoot = "";
			targets = (
				4D42D35629426B96009D4A7A /* LittleLemonsRervation */,
			);
		};
/* End PBXProject section */

/* Begin PBXResourcesBuildPhase section */
		4D42D35529426B96009D4A7A /* Resources */ = {
			isa = PBXResourcesBuildPhase;
			buildActionMask = 2147483647;
			files = (
				4D42D36229426B98009D4A7A /* Preview Assets.xcassets in Resources */,
				4D42D35F29426B98009D4A7A /* Assets.xcassets in Resources */,
			);
			runOnlyForDeploymentPostprocessing = 0;
		};
/* End PBXResourcesBuildPhase section */

/* Begin PBXSourcesBuildPhase section */
		4D42D35329426B96009D4A7A /* Sources */ = {
			isa = PBXSourcesBuildPhase;
			buildActionMask = 2147483647;
			files = (
				4D42D36F2942826C009D4A7A /* Model.swift in Sources */,
				4D42D35D29426B96009D4A7A /* ContentView.swift in Sources */,
				4D42D35B29426B96009D4A7A /* LittleLemonsRervationApp.swift in Sources */,
				4D42D373294287B1009D4A7A /* ReservationForm.swift in Sources */,
				4D42D36D294280EA009D4A7A /* Reservation.swift in Sources */,
				4D42D36A2942801B009D4A7A /* RestaurantLocation.swift in Sources */,
				4D42D37129428500009D4A7A /* RestaurantView.swift in Sources */,
			);
			runOnlyForDeploymentPostprocessing = 0;
		};
/* End PBXSourcesBuildPhase section */

/* Begin XCBuildConfiguration section */
		4D42D36329426B98009D4A7A /* Debug */ = {
			isa = XCBuildConfiguration;
			buildSettings = {
				ALWAYS_SEARCH_USER_PATHS = NO;
				CLANG_ANALYZER_NONNULL = YES;
				CLANG_ANALYZER_NUMBER_OBJECT_CONVERSION = YES_AGGRESSIVE;
				CLANG_CXX_LANGUAGE_STANDARD = "gnu++20";
				CLANG_ENABLE_MODULES = YES;
				CLANG_ENABLE_OBJC_ARC = YES;
				CLANG_ENABLE_OBJC_WEAK = YES;
				CLANG_WARN_BLOCK_CAPTURE_AUTORELEASING = YES;
				CLANG_WARN_BOOL_CONVERSION = YES;
				CLANG_WARN_COMMA = YES;
				CLANG_WARN_CONSTANT_CONVERSION = YES;
				CLANG_WARN_DEPRECATED_OBJC_IMPLEMENTATIONS = YES;
				CLANG_WARN_DIRECT_OBJC_ISA_USAGE = YES_ERROR;
				CLANG_WARN_DOCUMENTATION_COMMENTS = YES;
				CLANG_WARN_EMPTY_BODY = YES;
				CLANG_WARN_ENUM_CONVERSION = YES;
				CLANG_WARN_INFINITE_RECURSION = YES;
				CLANG_WARN_INT_CONVERSION = YES;
				CLANG_WARN_NON_LITERAL_NULL_CONVERSION = YES;
				CLANG_WARN_OBJC_IMPLICIT_RETAIN_SELF = YES;
				CLANG_WARN_OBJC_LITERAL_CONVERSION = YES;
				CLANG_WARN_OBJC_ROOT_CLASS = YES_ERROR;
				CLANG_WARN_QUOTED_INCLUDE_IN_FRAMEWORK_HEADER = YES;
				CLANG_WARN_RANGE_LOOP_ANALYSIS = YES;
				CLANG_WARN_STRICT_PROTOTYPES = YES;
				CLANG_WARN_SUSPICIOUS_MOVE = YES;
				CLANG_WARN_UNGUARDED_AVAILABILITY = YES_AGGRESSIVE;
				CLANG_WARN_UNREACHABLE_CODE = YES;
				CLANG_WARN__DUPLICATE_METHOD_MATCH = YES;
				COPY_PHASE_STRIP = NO;
				DEBUG_INFORMATION_FORMAT = dwarf;
				ENABLE_STRICT_OBJC_MSGSEND = YES;
				ENABLE_TESTABILITY = YES;
				GCC_C_LANGUAGE_STANDARD = gnu11;
				GCC_DYNAMIC_NO_PIC = NO;
				GCC_NO_COMMON_BLOCKS = YES;
				GCC_OPTIMIZATION_LEVEL = 0;
				GCC_PREPROCESSOR_DEFINITIONS = (
					"DEBUG=1",
					"$(inherited)",
				);
				GCC_WARN_64_TO_32_BIT_CONVERSION = YES;
				GCC_WARN_ABOUT_RETURN_TYPE = YES_ERROR;
				GCC_WARN_UNDECLARED_SELECTOR = YES;
				GCC_WARN_UNINITIALIZED_AUTOS = YES_AGGRESSIVE;
				GCC_WARN_UNUSED_FUNCTION = YES;
				GCC_WARN_UNUSED_VARIABLE = YES;
				IPHONEOS_DEPLOYMENT_TARGET = 16.1;
				MTL_ENABLE_DEBUG_INFO = INCLUDE_SOURCE;
				MTL_FAST_MATH = YES;
				ONLY_ACTIVE_ARCH = YES;
				SDKROOT = iphoneos;
				SWIFT_ACTIVE_COMPILATION_CONDITIONS = DEBUG;
				SWIFT_OPTIMIZATION_LEVEL = "-Onone";
			};
			name = Debug;
		};
		4D42D36429426B98009D4A7A /* Release */ = {
			isa = XCBuildConfiguration;
			buildSettings = {
				ALWAYS_SEARCH_USER_PATHS = NO;
				CLANG_ANALYZER_NONNULL = YES;
				CLANG_ANALYZER_NUMBER_OBJECT_CONVERSION = YES_AGGRESSIVE;
				CLANG_CXX_LANGUAGE_STANDARD = "gnu++20";
				CLANG_ENABLE_MODULES = YES;
				CLANG_ENABLE_OBJC_ARC = YES;
				CLANG_ENABLE_OBJC_WEAK = YES;
				CLANG_WARN_BLOCK_CAPTURE_AUTORELEASING = YES;
				CLANG_WARN_BOOL_CONVERSION = YES;
				CLANG_WARN_COMMA = YES;
				CLANG_WARN_CONSTANT_CONVERSION = YES;
				CLANG_WARN_DEPRECATED_OBJC_IMPLEMENTATIONS = YES;
				CLANG_WARN_DIRECT_OBJC_ISA_USAGE = YES_ERROR;
				CLANG_WARN_DOCUMENTATION_COMMENTS = YES;
				CLANG_WARN_EMPTY_BODY = YES;
				CLANG_WARN_ENUM_CONVERSION = YES;
				CLANG_WARN_INFINITE_RECURSION = YES;
				CLANG_WARN_INT_CONVERSION = YES;
				CLANG_WARN_NON_LITERAL_NULL_CONVERSION = YES;
				CLANG_WARN_OBJC_IMPLICIT_RETAIN_SELF = YES;
				CLANG_WARN_OBJC_LITERAL_CONVERSION = YES;
				CLANG_WARN_OBJC_ROOT_CLASS = YES_ERROR;
				CLANG_WARN_QUOTED_INCLUDE_IN_FRAMEWORK_HEADER = YES;
				CLANG_WARN_RANGE_LOOP_ANALYSIS = YES;
				CLANG_WARN_STRICT_PROTOTYPES = YES;
				CLANG_WARN_SUSPICIOUS_MOVE = YES;
				CLANG_WARN_UNGUARDED_AVAILABILITY = YES_AGGRESSIVE;
				CLANG_WARN_UNREACHABLE_CODE = YES;
				CLANG_WARN__DUPLICATE_METHOD_MATCH = YES;
				COPY_PHASE_STRIP = NO;
				DEBUG_INFORMATION_FORMAT = "dwarf-with-dsym";
				ENABLE_NS_ASSERTIONS = NO;
				ENABLE_STRICT_OBJC_MSGSEND = YES;
				GCC_C_LANGUAGE_STANDARD = gnu11;
				GCC_NO_COMMON_BLOCKS = YES;
				GCC_WARN_64_TO_32_BIT_CONVERSION = YES;
				GCC_WARN_ABOUT_RETURN_TYPE = YES_ERROR;
				GCC_WARN_UNDECLARED_SELECTOR = YES;
				GCC_WARN_UNINITIALIZED_AUTOS = YES_AGGRESSIVE;
				GCC_WARN_UNUSED_FUNCTION = YES;
				GCC_WARN_UNUSED_VARIABLE = YES;
				IPHONEOS_DEPLOYMENT_TARGET = 16.1;
				MTL_ENABLE_DEBUG_INFO = NO;
				MTL_FAST_MATH = YES;
				SDKROOT = iphoneos;
				SWIFT_COMPILATION_MODE = wholemodule;
				SWIFT_OPTIMIZATION_LEVEL = "-O";
				VALIDATE_PRODUCT = YES;
			};
			name = Release;
		};
		4D42D36629426B98009D4A7A /* Debug */ = {
			isa = XCBuildConfiguration;
			buildSettings = {
				ASSETCATALOG_COMPILER_APPICON_NAME = AppIcon;
				ASSETCATALOG_COMPILER_GLOBAL_ACCENT_COLOR_NAME = AccentColor;
				CODE_SIGN_STYLE = Automatic;
				CURRENT_PROJECT_VERSION = 1;
				DEVELOPMENT_ASSET_PATHS = "\"LittleLemonsRervation/Preview Content\"";
				DEVELOPMENT_TEAM = 29Y78V9379;
				ENABLE_PREVIEWS = YES;
				GENERATE_INFOPLIST_FILE = YES;
				INFOPLIST_KEY_UIApplicationSceneManifest_Generation = YES;
				INFOPLIST_KEY_UIApplicationSupportsIndirectInputEvents = YES;
				INFOPLIST_KEY_UILaunchScreen_Generation = YES;
				INFOPLIST_KEY_UISupportedInterfaceOrientations_iPad = "UIInterfaceOrientationPortrait UIInterfaceOrientationPortraitUpsideDown UIInterfaceOrientationLandscapeLeft UIInterfaceOrientationLandscapeRight";
				INFOPLIST_KEY_UISupportedInterfaceOrientations_iPhone = "UIInterfaceOrientationPortrait UIInterfaceOrientationLandscapeLeft UIInterfaceOrientationLandscapeRight";
				LD_RUNPATH_SEARCH_PATHS = (
					"$(inherited)",
					"@executable_path/Frameworks",
				);
				MARKETING_VERSION = 1.0;
				PRODUCT_BUNDLE_IDENTIFIER = fedinabli.LittleLemonsRervation;
				PRODUCT_NAME = "$(TARGET_NAME)";
				SWIFT_EMIT_LOC_STRINGS = YES;
				SWIFT_VERSION = 5.0;
				TARGETED_DEVICE_FAMILY = "1,2";
			};
			name = Debug;
		};
		4D42D36729426B98009D4A7A /* Release */ = {
			isa = XCBuildConfiguration;
			buildSettings = {
				ASSETCATALOG_COMPILER_APPICON_NAME = AppIcon;
				ASSETCATALOG_COMPILER_GLOBAL_ACCENT_COLOR_NAME = AccentColor;
				CODE_SIGN_STYLE = Automatic;
				CURRENT_PROJECT_VERSION = 1;
				DEVELOPMENT_ASSET_PATHS = "\"LittleLemonsRervation/Preview Content\"";
				DEVELOPMENT_TEAM = 29Y78V9379;
				ENABLE_PREVIEWS = YES;
				GENERATE_INFOPLIST_FILE = YES;
				INFOPLIST_KEY_UIApplicationSceneManifest_Generation = YES;
				INFOPLIST_KEY_UIApplicationSupportsIndirectInputEvents = YES;
				INFOPLIST_KEY_UILaunchScreen_Generation = YES;
				INFOPLIST_KEY_UISupportedInterfaceOrientations_iPad = "UIInterfaceOrientationPortrait UIInterfaceOrientationPortraitUpsideDown UIInterfaceOrientationLandscapeLeft UIInterfaceOrientationLandscapeRight";
				INFOPLIST_KEY_UISupportedInterfaceOrientations_iPhone = "UIInterfaceOrientationPortrait UIInterfaceOrientationLandscapeLeft UIInterfaceOrientationLandscapeRight";
				LD_RUNPATH_SEARCH_PATHS = (
					"$(inherited)",
					"@executable_path/Frameworks",
				);
				MARKETING_VERSION = 1.0;
				PRODUCT_BUNDLE_IDENTIFIER = fedinabli.LittleLemonsRervation;
				PRODUCT_NAME = "$(TARGET_NAME)";
				SWIFT_EMIT_LOC_STRINGS = YES;
				SWIFT_VERSION = 5.0;
				TARGETED_DEVICE_FAMILY = "1,2";
			};
			name = Release;
		};
/* End XCBuildConfiguration section */

/* Begin XCConfigurationList section */
		4D42D35229426B96009D4A7A /* Build configuration list for PBXProject "LittleLemonsRervation" */ = {
			isa = XCConfigurationList;
			buildConfigurations = (
				4D42D36329426B98009D4A7A /* Debug */,
				4D42D36429426B98009D4A7A /* Release */,
			);
			defaultConfigurationIsVisible = 0;
			defaultConfigurationName = Release;
		};
		4D42D36529426B98009D4A7A /* Build configuration list for PBXNativeTarget "LittleLemonsRervation" */ = {
			isa = XCConfigurationList;
			buildConfigurations = (
				4D42D36629426B98009D4A7A /* Debug */,
				4D42D36729426B98009D4A7A /* Release */,
			);
			defaultConfigurationIsVisible = 0;
			defaultConfigurationName = Release;
		};
/* End XCConfigurationList section */
	};
	rootObject = 4D42D34F29426B96009D4A7A /* Project object */;
}
